// !$*UTF8*$!
{
	archiveVersion = 1;
	classes = {
	};
	objectVersion = 50;
	objects = {

/* Begin PBXBuildFile section */
		970FE9042143BA7A000EC5EE /* HNCalendarView.xib in Resources */ = {isa = PBXBuildFile; fileRef = 970FE9032143BA7A000EC5EE /* HNCalendarView.xib */; };
		970FE9062143C1A8000EC5EE /* HNMonthItem.swift in Sources */ = {isa = PBXBuildFile; fileRef = 970FE9052143C1A8000EC5EE /* HNMonthItem.swift */; };
		970FE9092143C1E1000EC5EE /* HNMonthItem.xib in Resources */ = {isa = PBXBuildFile; fileRef = 970FE9082143C1E1000EC5EE /* HNMonthItem.xib */; };
		970FE90B2143CEFD000EC5EE /* HNWeekItem.swift in Sources */ = {isa = PBXBuildFile; fileRef = 970FE90A2143CEFD000EC5EE /* HNWeekItem.swift */; };
		970FE90D2143CF10000EC5EE /* HNDateItem.swift in Sources */ = {isa = PBXBuildFile; fileRef = 970FE90C2143CF10000EC5EE /* HNDateItem.swift */; };
		970FE90F2143CF34000EC5EE /* HNWeekItem.xib in Resources */ = {isa = PBXBuildFile; fileRef = 970FE90E2143CF34000EC5EE /* HNWeekItem.xib */; };
		970FE9112143CF3F000EC5EE /* HNDateItem.xib in Resources */ = {isa = PBXBuildFile; fileRef = 970FE9102143CF3F000EC5EE /* HNDateItem.xib */; };
		972AB08D21438DBA0062FAEF /* AppDelegate.swift in Sources */ = {isa = PBXBuildFile; fileRef = 972AB08C21438DBA0062FAEF /* AppDelegate.swift */; };
		972AB08F21438DBA0062FAEF /* ViewController.swift in Sources */ = {isa = PBXBuildFile; fileRef = 972AB08E21438DBA0062FAEF /* ViewController.swift */; };
		972AB09121438DBA0062FAEF /* Assets.xcassets in Resources */ = {isa = PBXBuildFile; fileRef = 972AB09021438DBA0062FAEF /* Assets.xcassets */; };
		972AB09421438DBA0062FAEF /* Main.storyboard in Resources */ = {isa = PBXBuildFile; fileRef = 972AB09221438DBA0062FAEF /* Main.storyboard */; };
		972AB0C721439CB30062FAEF /* CalendarView.swift in Sources */ = {isa = PBXBuildFile; fileRef = 972AB0C621439CB30062FAEF /* CalendarView.swift */; };
/* End PBXBuildFile section */

/* Begin PBXFileReference section */
		970FE9032143BA7A000EC5EE /* HNCalendarView.xib */ = {isa = PBXFileReference; lastKnownFileType = file.xib; path = HNCalendarView.xib; sourceTree = "<group>"; };
		970FE9052143C1A8000EC5EE /* HNMonthItem.swift */ = {isa = PBXFileReference; lastKnownFileType = sourcecode.swift; name = HNMonthItem.swift; path = Source/Classes/HNMonthItem.swift; sourceTree = SOURCE_ROOT; };
		970FE9082143C1E1000EC5EE /* HNMonthItem.xib */ = {isa = PBXFileReference; lastKnownFileType = file.xib; path = HNMonthItem.xib; sourceTree = "<group>"; };
		970FE90A2143CEFD000EC5EE /* HNWeekItem.swift */ = {isa = PBXFileReference; lastKnownFileType = sourcecode.swift; path = HNWeekItem.swift; sourceTree = "<group>"; };
		970FE90C2143CF10000EC5EE /* HNDateItem.swift */ = {isa = PBXFileReference; lastKnownFileType = sourcecode.swift; path = HNDateItem.swift; sourceTree = "<group>"; };
		970FE90E2143CF34000EC5EE /* HNWeekItem.xib */ = {isa = PBXFileReference; lastKnownFileType = file.xib; path = HNWeekItem.xib; sourceTree = "<group>"; };
		970FE9102143CF3F000EC5EE /* HNDateItem.xib */ = {isa = PBXFileReference; lastKnownFileType = file.xib; path = HNDateItem.xib; sourceTree = "<group>"; };
		972AB08921438DBA0062FAEF /* samplecocoapod.app */ = {isa = PBXFileReference; explicitFileType = wrapper.application; includeInIndex = 0; path = samplecocoapod.app; sourceTree = BUILT_PRODUCTS_DIR; };
		972AB08C21438DBA0062FAEF /* AppDelegate.swift */ = {isa = PBXFileReference; lastKnownFileType = sourcecode.swift; path = AppDelegate.swift; sourceTree = "<group>"; };
		972AB08E21438DBA0062FAEF /* ViewController.swift */ = {isa = PBXFileReference; lastKnownFileType = sourcecode.swift; path = ViewController.swift; sourceTree = "<group>"; };
		972AB09021438DBA0062FAEF /* Assets.xcassets */ = {isa = PBXFileReference; lastKnownFileType = folder.assetcatalog; path = Assets.xcassets; sourceTree = "<group>"; };
		972AB09321438DBA0062FAEF /* Base */ = {isa = PBXFileReference; lastKnownFileType = file.storyboard; name = Base; path = Base.lproj/Main.storyboard; sourceTree = "<group>"; };
		972AB09521438DBA0062FAEF /* Info.plist */ = {isa = PBXFileReference; lastKnownFileType = text.plist.xml; path = Info.plist; sourceTree = "<group>"; };
		972AB09621438DBA0062FAEF /* samplecocoapod.entitlements */ = {isa = PBXFileReference; lastKnownFileType = text.plist.entitlements; path = samplecocoapod.entitlements; sourceTree = "<group>"; };
		972AB0C621439CB30062FAEF /* CalendarView.swift */ = {isa = PBXFileReference; lastKnownFileType = sourcecode.swift; path = CalendarView.swift; sourceTree = "<group>"; };
/* End PBXFileReference section */

/* Begin PBXFrameworksBuildPhase section */
		972AB08621438DBA0062FAEF /* Frameworks */ = {
			isa = PBXFrameworksBuildPhase;
			buildActionMask = 2147483647;
			files = (
			);
			runOnlyForDeploymentPostprocessing = 0;
		};
/* End PBXFrameworksBuildPhase section */

/* Begin PBXGroup section */
		970FE9072143C1B5000EC5EE /* Views */ = {
			isa = PBXGroup;
			children = (
			);
			name = Views;
			path = "New Group";
			sourceTree = "<group>";
		};
		972AB08021438DBA0062FAEF = {
			isa = PBXGroup;
			children = (
				972AB0BA21439B4F0062FAEF /* Source */,
				972AB08B21438DBA0062FAEF /* samplecocoapod */,
				972AB08A21438DBA0062FAEF /* Products */,
			);
			sourceTree = "<group>";
		};
		972AB08A21438DBA0062FAEF /* Products */ = {
			isa = PBXGroup;
			children = (
				972AB08921438DBA0062FAEF /* samplecocoapod.app */,
			);
			name = Products;
			sourceTree = "<group>";
		};
		972AB08B21438DBA0062FAEF /* samplecocoapod */ = {
			isa = PBXGroup;
			children = (
				972AB08C21438DBA0062FAEF /* AppDelegate.swift */,
				972AB08E21438DBA0062FAEF /* ViewController.swift */,
				972AB09021438DBA0062FAEF /* Assets.xcassets */,
				972AB09221438DBA0062FAEF /* Main.storyboard */,
				972AB09521438DBA0062FAEF /* Info.plist */,
				972AB09621438DBA0062FAEF /* samplecocoapod.entitlements */,
			);
			path = samplecocoapod;
			sourceTree = "<group>";
		};
		972AB0BA21439B4F0062FAEF /* Source */ = {
			isa = PBXGroup;
			children = (
				972AB0BB21439B550062FAEF /* Assets */,
				972AB0BC21439B5A0062FAEF /* Classes */,
			);
			path = Source;
			sourceTree = "<group>";
		};
		972AB0BB21439B550062FAEF /* Assets */ = {
			isa = PBXGroup;
			children = (
				970FE9032143BA7A000EC5EE /* HNCalendarView.xib */,
				970FE9082143C1E1000EC5EE /* HNMonthItem.xib */,
				970FE90E2143CF34000EC5EE /* HNWeekItem.xib */,
				970FE9102143CF3F000EC5EE /* HNDateItem.xib */,
			);
			path = Assets;
			sourceTree = "<group>";
		};
		972AB0BC21439B5A0062FAEF /* Classes */ = {
			isa = PBXGroup;
			children = (
				970FE9072143C1B5000EC5EE /* Views */,
				972AB0C621439CB30062FAEF /* CalendarView.swift */,
				970FE9052143C1A8000EC5EE /* HNMonthItem.swift */,
				970FE90A2143CEFD000EC5EE /* HNWeekItem.swift */,
				970FE90C2143CF10000EC5EE /* HNDateItem.swift */,
			);
			path = Classes;
			sourceTree = "<group>";
		};
/* End PBXGroup section */

/* Begin PBXNativeTarget section */
		972AB08821438DBA0062FAEF /* samplecocoapod */ = {
			isa = PBXNativeTarget;
			buildConfigurationList = 972AB09921438DBA0062FAEF /* Build configuration list for PBXNativeTarget "samplecocoapod" */;
			buildPhases = (
				972AB08521438DBA0062FAEF /* Sources */,
				972AB08621438DBA0062FAEF /* Frameworks */,
				972AB08721438DBA0062FAEF /* Resources */,
			);
			buildRules = (
			);
			dependencies = (
			);
			name = samplecocoapod;
			productName = samplecocoapod;
			productReference = 972AB08921438DBA0062FAEF /* samplecocoapod.app */;
			productType = "com.apple.product-type.application";
		};
/* End PBXNativeTarget section */

/* Begin PBXProject section */
		972AB08121438DBA0062FAEF /* Project object */ = {
			isa = PBXProject;
			attributes = {
				LastSwiftUpdateCheck = 0940;
				LastUpgradeCheck = 0940;
				ORGANIZATIONNAME = "rhino Q";
				TargetAttributes = {
					972AB08821438DBA0062FAEF = {
						CreatedOnToolsVersion = 9.4.1;
					};
				};
			};
			buildConfigurationList = 972AB08421438DBA0062FAEF /* Build configuration list for PBXProject "samplecocoapod" */;
			compatibilityVersion = "Xcode 9.3";
			developmentRegion = en;
			hasScannedForEncodings = 0;
			knownRegions = (
				en,
				Base,
			);
			mainGroup = 972AB08021438DBA0062FAEF;
			productRefGroup = 972AB08A21438DBA0062FAEF /* Products */;
			projectDirPath = "";
			projectRoot = "";
			targets = (
				972AB08821438DBA0062FAEF /* samplecocoapod */,
			);
		};
/* End PBXProject section */

/* Begin PBXResourcesBuildPhase section */
		972AB08721438DBA0062FAEF /* Resources */ = {
			isa = PBXResourcesBuildPhase;
			buildActionMask = 2147483647;
			files = (
				972AB09121438DBA0062FAEF /* Assets.xcassets in Resources */,
				972AB09421438DBA0062FAEF /* Main.storyboard in Resources */,
				970FE9042143BA7A000EC5EE /* HNCalendarView.xib in Resources */,
				970FE9092143C1E1000EC5EE /* HNMonthItem.xib in Resources */,
				970FE9112143CF3F000EC5EE /* HNDateItem.xib in Resources */,
				970FE90F2143CF34000EC5EE /* HNWeekItem.xib in Resources */,
			);
			runOnlyForDeploymentPostprocessing = 0;
		};
/* End PBXResourcesBuildPhase section */

/* Begin PBXSourcesBuildPhase section */
		972AB08521438DBA0062FAEF /* Sources */ = {
			isa = PBXSourcesBuildPhase;
			buildActionMask = 2147483647;
			files = (
				970FE90D2143CF10000EC5EE /* HNDateItem.swift in Sources */,
				972AB08F21438DBA0062FAEF /* ViewController.swift in Sources */,
				972AB08D21438DBA0062FAEF /* AppDelegate.swift in Sources */,
				972AB0C721439CB30062FAEF /* CalendarView.swift in Sources */,
				970FE9062143C1A8000EC5EE /* HNMonthItem.swift in Sources */,
				970FE90B2143CEFD000EC5EE /* HNWeekItem.swift in Sources */,
			);
			runOnlyForDeploymentPostprocessing = 0;
		};
/* End PBXSourcesBuildPhase section */

/* Begin PBXVariantGroup section */
		972AB09221438DBA0062FAEF /* Main.storyboard */ = {
			isa = PBXVariantGroup;
			children = (
				972AB09321438DBA0062FAEF /* Base */,
			);
			name = Main.storyboard;
			sourceTree = "<group>";
		};
/* End PBXVariantGroup section */

/* Begin XCBuildConfiguration section */
		972AB09721438DBA0062FAEF /* Debug */ = {
			isa = XCBuildConfiguration;
			buildSettings = {
				ALWAYS_SEARCH_USER_PATHS = NO;
				CLANG_ANALYZER_NONNULL = YES;
				CLANG_ANALYZER_NUMBER_OBJECT_CONVERSION = YES_AGGRESSIVE;
				CLANG_CXX_LANGUAGE_STANDARD = "gnu++14";
				CLANG_CXX_LIBRARY = "libc++";
				CLANG_ENABLE_MODULES = YES;
				CLANG_ENABLE_OBJC_ARC = YES;
				CLANG_ENABLE_OBJC_WEAK = YES;
				CLANG_WARN_BLOCK_CAPTURE_AUTORELEASING = YES;
				CLANG_WARN_BOOL_CONVERSION = YES;
				CLANG_WARN_COMMA = YES;
				CLANG_WARN_CONSTANT_CONVERSION = YES;
				CLANG_WARN_DEPRECATED_OBJC_IMPLEMENTATIONS = YES;
				CLANG_WARN_DIRECT_OBJC_ISA_USAGE = YES_ERROR;
				CLANG_WARN_DOCUMENTATION_COMMENTS = YES;
				CLANG_WARN_EMPTY_BODY = YES;
				CLANG_WARN_ENUM_CONVERSION = YES;
				CLANG_WARN_INFINITE_RECURSION = YES;
				CLANG_WARN_INT_CONVERSION = YES;
				CLANG_WARN_NON_LITERAL_NULL_CONVERSION = YES;
				CLANG_WARN_OBJC_IMPLICIT_RETAIN_SELF = YES;
				CLANG_WARN_OBJC_LITERAL_CONVERSION = YES;
				CLANG_WARN_OBJC_ROOT_CLASS = YES_ERROR;
				CLANG_WARN_RANGE_LOOP_ANALYSIS = YES;
				CLANG_WARN_STRICT_PROTOTYPES = YES;
				CLANG_WARN_SUSPICIOUS_MOVE = YES;
				CLANG_WARN_UNGUARDED_AVAILABILITY = YES_AGGRESSIVE;
				CLANG_WARN_UNREACHABLE_CODE = YES;
				CLANG_WARN__DUPLICATE_METHOD_MATCH = YES;
				CODE_SIGN_IDENTITY = "-";
				COPY_PHASE_STRIP = NO;
				DEBUG_INFORMATION_FORMAT = dwarf;
				ENABLE_STRICT_OBJC_MSGSEND = YES;
				ENABLE_TESTABILITY = YES;
				GCC_C_LANGUAGE_STANDARD = gnu11;
				GCC_DYNAMIC_NO_PIC = NO;
				GCC_NO_COMMON_BLOCKS = YES;
				GCC_OPTIMIZATION_LEVEL = 0;
				GCC_PREPROCESSOR_DEFINITIONS = (
					"DEBUG=1",
					"$(inherited)",
				);
				GCC_WARN_64_TO_32_BIT_CONVERSION = YES;
				GCC_WARN_ABOUT_RETURN_TYPE = YES_ERROR;
				GCC_WARN_UNDECLARED_SELECTOR = YES;
				GCC_WARN_UNINITIALIZED_AUTOS = YES_AGGRESSIVE;
				GCC_WARN_UNUSED_FUNCTION = YES;
				GCC_WARN_UNUSED_VARIABLE = YES;
				MACOSX_DEPLOYMENT_TARGET = 10.13;
				MTL_ENABLE_DEBUG_INFO = YES;
				ONLY_ACTIVE_ARCH = YES;
				SDKROOT = macosx;
				SWIFT_ACTIVE_COMPILATION_CONDITIONS = DEBUG;
				SWIFT_OPTIMIZATION_LEVEL = "-Onone";
			};
			name = Debug;
		};
		972AB09821438DBA0062FAEF /* Release */ = {
			isa = XCBuildConfiguration;
			buildSettings = {
				ALWAYS_SEARCH_USER_PATHS = NO;
				CLANG_ANALYZER_NONNULL = YES;
				CLANG_ANALYZER_NUMBER_OBJECT_CONVERSION = YES_AGGRESSIVE;
				CLANG_CXX_LANGUAGE_STANDARD = "gnu++14";
				CLANG_CXX_LIBRARY = "libc++";
				CLANG_ENABLE_MODULES = YES;
				CLANG_ENABLE_OBJC_ARC = YES;
				CLANG_ENABLE_OBJC_WEAK = YES;
				CLANG_WARN_BLOCK_CAPTURE_AUTORELEASING = YES;
				CLANG_WARN_BOOL_CONVERSION = YES;
				CLANG_WARN_COMMA = YES;
				CLANG_WARN_CONSTANT_CONVERSION = YES;
				CLANG_WARN_DEPRECATED_OBJC_IMPLEMENTATIONS = YES;
				CLANG_WARN_DIRECT_OBJC_ISA_USAGE = YES_ERROR;
				CLANG_WARN_DOCUMENTATION_COMMENTS = YES;
				CLANG_WARN_EMPTY_BODY = YES;
				CLANG_WARN_ENUM_CONVERSION = YES;
				CLANG_WARN_INFINITE_RECURSION = YES;
				CLANG_WARN_INT_CONVERSION = YES;
				CLANG_WARN_NON_LITERAL_NULL_CONVERSION = YES;
				CLANG_WARN_OBJC_IMPLICIT_RETAIN_SELF = YES;
				CLANG_WARN_OBJC_LITERAL_CONVERSION = YES;
				CLANG_WARN_OBJC_ROOT_CLASS = YES_ERROR;
				CLANG_WARN_RANGE_LOOP_ANALYSIS = YES;
				CLANG_WARN_STRICT_PROTOTYPES = YES;
				CLANG_WARN_SUSPICIOUS_MOVE = YES;
				CLANG_WARN_UNGUARDED_AVAILABILITY = YES_AGGRESSIVE;
				CLANG_WARN_UNREACHABLE_CODE = YES;
				CLANG_WARN__DUPLICATE_METHOD_MATCH = YES;
				CODE_SIGN_IDENTITY = "-";
				COPY_PHASE_STRIP = NO;
				DEBUG_INFORMATION_FORMAT = "dwarf-with-dsym";
				ENABLE_NS_ASSERTIONS = NO;
				ENABLE_STRICT_OBJC_MSGSEND = YES;
				GCC_C_LANGUAGE_STANDARD = gnu11;
				GCC_NO_COMMON_BLOCKS = YES;
				GCC_WARN_64_TO_32_BIT_CONVERSION = YES;
				GCC_WARN_ABOUT_RETURN_TYPE = YES_ERROR;
				GCC_WARN_UNDECLARED_SELECTOR = YES;
				GCC_WARN_UNINITIALIZED_AUTOS = YES_AGGRESSIVE;
				GCC_WARN_UNUSED_FUNCTION = YES;
				GCC_WARN_UNUSED_VARIABLE = YES;
				MACOSX_DEPLOYMENT_TARGET = 10.13;
				MTL_ENABLE_DEBUG_INFO = NO;
				SDKROOT = macosx;
				SWIFT_COMPILATION_MODE = wholemodule;
				SWIFT_OPTIMIZATION_LEVEL = "-O";
			};
			name = Release;
		};
		972AB09A21438DBA0062FAEF /* Debug */ = {
			isa = XCBuildConfiguration;
			buildSettings = {
				ASSETCATALOG_COMPILER_APPICON_NAME = AppIcon;
				CODE_SIGN_ENTITLEMENTS = samplecocoapod/samplecocoapod.entitlements;
				CODE_SIGN_STYLE = Automatic;
				COMBINE_HIDPI_IMAGES = YES;
				INFOPLIST_FILE = samplecocoapod/Info.plist;
				LD_RUNPATH_SEARCH_PATHS = (
					"$(inherited)",
					"@executable_path/../Frameworks",
				);
				PRODUCT_BUNDLE_IDENTIFIER = com.rhino.samplecocoapod;
				PRODUCT_NAME = "$(TARGET_NAME)";
				SWIFT_VERSION = 4.0;
			};
			name = Debug;
		};
		972AB09B21438DBA0062FAEF /* Release */ = {
			isa = XCBuildConfiguration;
			buildSettings = {
				ASSETCATALOG_COMPILER_APPICON_NAME = AppIcon;
				CODE_SIGN_ENTITLEMENTS = samplecocoapod/samplecocoapod.entitlements;
				CODE_SIGN_STYLE = Automatic;
				COMBINE_HIDPI_IMAGES = YES;
				INFOPLIST_FILE = samplecocoapod/Info.plist;
				LD_RUNPATH_SEARCH_PATHS = (
					"$(inherited)",
					"@executable_path/../Frameworks",
				);
				PRODUCT_BUNDLE_IDENTIFIER = com.rhino.samplecocoapod;
				PRODUCT_NAME = "$(TARGET_NAME)";
				SWIFT_VERSION = 4.0;
			};
			name = Release;
		};
/* End XCBuildConfiguration section */

/* Begin XCConfigurationList section */
		972AB08421438DBA0062FAEF /* Build configuration list for PBXProject "samplecocoapod" */ = {
			isa = XCConfigurationList;
			buildConfigurations = (
				972AB09721438DBA0062FAEF /* Debug */,
				972AB09821438DBA0062FAEF /* Release */,
			);
			defaultConfigurationIsVisible = 0;
			defaultConfigurationName = Release;
		};
		972AB09921438DBA0062FAEF /* Build configuration list for PBXNativeTarget "samplecocoapod" */ = {
			isa = XCConfigurationList;
			buildConfigurations = (
				972AB09A21438DBA0062FAEF /* Debug */,
				972AB09B21438DBA0062FAEF /* Release */,
			);
			defaultConfigurationIsVisible = 0;
			defaultConfigurationName = Release;
		};
/* End XCConfigurationList section */
	};
	rootObject = 972AB08121438DBA0062FAEF /* Project object */;
}
